// !$*UTF8*$!
{
	archiveVersion = 1;
	classes = {
	};
	objectVersion = 50;
	objects = {

/* Begin PBXBuildFile section */
		3E45883E20E6BB7B0040D22A /* AppDelegate.swift in Sources */ = {isa = PBXBuildFile; fileRef = 3E45883D20E6BB7B0040D22A /* AppDelegate.swift */; };
		3E45884020E6BB7B0040D22A /* ViewController.swift in Sources */ = {isa = PBXBuildFile; fileRef = 3E45883F20E6BB7B0040D22A /* ViewController.swift */; };
		3E45884320E6BB7B0040D22A /* Main.storyboard in Resources */ = {isa = PBXBuildFile; fileRef = 3E45884120E6BB7B0040D22A /* Main.storyboard */; };
		3E45884520E6BB7C0040D22A /* Assets.xcassets in Resources */ = {isa = PBXBuildFile; fileRef = 3E45884420E6BB7C0040D22A /* Assets.xcassets */; };
		3E45884820E6BB7C0040D22A /* LaunchScreen.storyboard in Resources */ = {isa = PBXBuildFile; fileRef = 3E45884620E6BB7C0040D22A /* LaunchScreen.storyboard */; };
		3E45885220E6BB910040D22A /* Photo.swift in Sources */ = {isa = PBXBuildFile; fileRef = 3E45884F20E6BB900040D22A /* Photo.swift */; };
		3E45885320E6BB910040D22A /* ImageSearchModel.swift in Sources */ = {isa = PBXBuildFile; fileRef = 3E45885020E6BB900040D22A /* ImageSearchModel.swift */; };
		3E45885420E6BB910040D22A /* Photos.swift in Sources */ = {isa = PBXBuildFile; fileRef = 3E45885120E6BB910040D22A /* Photos.swift */; };
		3E45885620E6CB6F0040D22A /* ImageCollectionViewCell.swift in Sources */ = {isa = PBXBuildFile; fileRef = 3E45885520E6CB6F0040D22A /* ImageCollectionViewCell.swift */; };
		3E9AED6720EA935C004C50BC /* ImageDisplayViewController.swift in Sources */ = {isa = PBXBuildFile; fileRef = 3E9AED6620EA935C004C50BC /* ImageDisplayViewController.swift */; };
		3ECD00E920E766EE00BE8277 /* ImageDownloadManager.swift in Sources */ = {isa = PBXBuildFile; fileRef = 3ECD00E820E766EE00BE8277 /* ImageDownloadManager.swift */; };
		3ECD00EB20E76A8400BE8277 /* ImageCacheManager.swift in Sources */ = {isa = PBXBuildFile; fileRef = 3ECD00EA20E76A8400BE8277 /* ImageCacheManager.swift */; };
/* End PBXBuildFile section */

/* Begin PBXFileReference section */
		3E45883A20E6BB7B0040D22A /* ImageDownloaderExperiment.app */ = {isa = PBXFileReference; explicitFileType = wrapper.application; includeInIndex = 0; path = ImageDownloaderExperiment.app; sourceTree = BUILT_PRODUCTS_DIR; };
		3E45883D20E6BB7B0040D22A /* AppDelegate.swift */ = {isa = PBXFileReference; lastKnownFileType = sourcecode.swift; path = AppDelegate.swift; sourceTree = "<group>"; };
		3E45883F20E6BB7B0040D22A /* ViewController.swift */ = {isa = PBXFileReference; lastKnownFileType = sourcecode.swift; path = ViewController.swift; sourceTree = "<group>"; };
		3E45884220E6BB7B0040D22A /* Base */ = {isa = PBXFileReference; lastKnownFileType = file.storyboard; name = Base; path = Base.lproj/Main.storyboard; sourceTree = "<group>"; };
		3E45884420E6BB7C0040D22A /* Assets.xcassets */ = {isa = PBXFileReference; lastKnownFileType = folder.assetcatalog; path = Assets.xcassets; sourceTree = "<group>"; };
		3E45884720E6BB7C0040D22A /* Base */ = {isa = PBXFileReference; lastKnownFileType = file.storyboard; name = Base; path = Base.lproj/LaunchScreen.storyboard; sourceTree = "<group>"; };
		3E45884920E6BB7C0040D22A /* Info.plist */ = {isa = PBXFileReference; lastKnownFileType = text.plist.xml; path = Info.plist; sourceTree = "<group>"; };
		3E45884F20E6BB900040D22A /* Photo.swift */ = {isa = PBXFileReference; fileEncoding = 4; lastKnownFileType = sourcecode.swift; path = Photo.swift; sourceTree = "<group>"; };
		3E45885020E6BB900040D22A /* ImageSearchModel.swift */ = {isa = PBXFileReference; fileEncoding = 4; lastKnownFileType = sourcecode.swift; path = ImageSearchModel.swift; sourceTree = "<group>"; };
		3E45885120E6BB910040D22A /* Photos.swift */ = {isa = PBXFileReference; fileEncoding = 4; lastKnownFileType = sourcecode.swift; path = Photos.swift; sourceTree = "<group>"; };
		3E45885520E6CB6F0040D22A /* ImageCollectionViewCell.swift */ = {isa = PBXFileReference; lastKnownFileType = sourcecode.swift; path = ImageCollectionViewCell.swift; sourceTree = "<group>"; };
		3E9AED6620EA935C004C50BC /* ImageDisplayViewController.swift */ = {isa = PBXFileReference; lastKnownFileType = sourcecode.swift; path = ImageDisplayViewController.swift; sourceTree = "<group>"; };
		3ECD00E820E766EE00BE8277 /* ImageDownloadManager.swift */ = {isa = PBXFileReference; lastKnownFileType = sourcecode.swift; path = ImageDownloadManager.swift; sourceTree = "<group>"; };
		3ECD00EA20E76A8400BE8277 /* ImageCacheManager.swift */ = {isa = PBXFileReference; lastKnownFileType = sourcecode.swift; path = ImageCacheManager.swift; sourceTree = "<group>"; };
/* End PBXFileReference section */

/* Begin PBXFrameworksBuildPhase section */
		3E45883720E6BB7B0040D22A /* Frameworks */ = {
			isa = PBXFrameworksBuildPhase;
			buildActionMask = 2147483647;
			files = (
			);
			runOnlyForDeploymentPostprocessing = 0;
		};
/* End PBXFrameworksBuildPhase section */

/* Begin PBXGroup section */
		3E45883120E6BB7B0040D22A = {
			isa = PBXGroup;
			children = (
				3E45883C20E6BB7B0040D22A /* ImageDownloaderExperiment */,
				3E45883B20E6BB7B0040D22A /* Products */,
			);
			sourceTree = "<group>";
		};
		3E45883B20E6BB7B0040D22A /* Products */ = {
			isa = PBXGroup;
			children = (
				3E45883A20E6BB7B0040D22A /* ImageDownloaderExperiment.app */,
			);
			name = Products;
			sourceTree = "<group>";
		};
		3E45883C20E6BB7B0040D22A /* ImageDownloaderExperiment */ = {
			isa = PBXGroup;
			children = (
				3E45883D20E6BB7B0040D22A /* AppDelegate.swift */,
				3E45883F20E6BB7B0040D22A /* ViewController.swift */,
				3ECD00E820E766EE00BE8277 /* ImageDownloadManager.swift */,
				3ECD00EA20E76A8400BE8277 /* ImageCacheManager.swift */,
				3E45885020E6BB900040D22A /* ImageSearchModel.swift */,
				3E45884F20E6BB900040D22A /* Photo.swift */,
				3E45885120E6BB910040D22A /* Photos.swift */,
				3E45885520E6CB6F0040D22A /* ImageCollectionViewCell.swift */,
				3E9AED6620EA935C004C50BC /* ImageDisplayViewController.swift */,
				3E45884120E6BB7B0040D22A /* Main.storyboard */,
				3E45884420E6BB7C0040D22A /* Assets.xcassets */,
				3E45884620E6BB7C0040D22A /* LaunchScreen.storyboard */,
				3E45884920E6BB7C0040D22A /* Info.plist */,
			);
			path = ImageDownloaderExperiment;
			sourceTree = "<group>";
		};
/* End PBXGroup section */

/* Begin PBXNativeTarget section */
		3E45883920E6BB7B0040D22A /* ImageDownloaderExperiment */ = {
			isa = PBXNativeTarget;
			buildConfigurationList = 3E45884C20E6BB7C0040D22A /* Build configuration list for PBXNativeTarget "ImageDownloaderExperiment" */;
			buildPhases = (
				3E45883620E6BB7B0040D22A /* Sources */,
				3E45883720E6BB7B0040D22A /* Frameworks */,
				3E45883820E6BB7B0040D22A /* Resources */,
			);
			buildRules = (
			);
			dependencies = (
			);
			name = ImageDownloaderExperiment;
			productName = ImageDownloaderExperiment;
			productReference = 3E45883A20E6BB7B0040D22A /* ImageDownloaderExperiment.app */;
			productType = "com.apple.product-type.application";
		};
/* End PBXNativeTarget section */

/* Begin PBXProject section */
		3E45883220E6BB7B0040D22A /* Project object */ = {
			isa = PBXProject;
			attributes = {
				LastSwiftUpdateCheck = 0930;
				LastUpgradeCheck = 0930;
				ORGANIZATIONNAME = "Rishu Goel";
				TargetAttributes = {
					3E45883920E6BB7B0040D22A = {
						CreatedOnToolsVersion = 9.3;
					};
				};
			};
			buildConfigurationList = 3E45883520E6BB7B0040D22A /* Build configuration list for PBXProject "ImageDownloaderExperiment" */;
			compatibilityVersion = "Xcode 9.3";
			developmentRegion = en;
			hasScannedForEncodings = 0;
			knownRegions = (
				en,
				Base,
			);
			mainGroup = 3E45883120E6BB7B0040D22A;
			productRefGroup = 3E45883B20E6BB7B0040D22A /* Products */;
			projectDirPath = "";
			projectRoot = "";
			targets = (
				3E45883920E6BB7B0040D22A /* ImageDownloaderExperiment */,
			);
		};
/* End PBXProject section */

/* Begin PBXResourcesBuildPhase section */
		3E45883820E6BB7B0040D22A /* Resources */ = {
			isa = PBXResourcesBuildPhase;
			buildActionMask = 2147483647;
			files = (
				3E45884820E6BB7C0040D22A /* LaunchScreen.storyboard in Resources */,
				3E45884520E6BB7C0040D22A /* Assets.xcassets in Resources */,
				3E45884320E6BB7B0040D22A /* Main.storyboard in Resources */,
			);
			runOnlyForDeploymentPostprocessing = 0;
		};
/* End PBXResourcesBuildPhase section */

/* Begin PBXSourcesBuildPhase section */
		3E45883620E6BB7B0040D22A /* Sources */ = {
			isa = PBXSourcesBuildPhase;
			buildActionMask = 2147483647;
			files = (
				3E9AED6720EA935C004C50BC /* ImageDisplayViewController.swift in Sources */,
				3E45885620E6CB6F0040D22A /* ImageCollectionViewCell.swift in Sources */,
				3E45885220E6BB910040D22A /* Photo.swift in Sources */,
				3E45885320E6BB910040D22A /* ImageSearchModel.swift in Sources */,
				3E45884020E6BB7B0040D22A /* ViewController.swift in Sources */,
				3ECD00EB20E76A8400BE8277 /* ImageCacheManager.swift in Sources */,
				3E45885420E6BB910040D22A /* Photos.swift in Sources */,
				3E45883E20E6BB7B0040D22A /* AppDelegate.swift in Sources */,
				3ECD00E920E766EE00BE8277 /* ImageDownloadManager.swift in Sources */,
			);
			runOnlyForDeploymentPostprocessing = 0;
		};
/* End PBXSourcesBuildPhase section */

/* Begin PBXVariantGroup section */
		3E45884120E6BB7B0040D22A /* Main.storyboard */ = {
			isa = PBXVariantGroup;
			children = (
				3E45884220E6BB7B0040D22A /* Base */,
			);
			name = Main.storyboard;
			sourceTree = "<group>";
		};
		3E45884620E6BB7C0040D22A /* LaunchScreen.storyboard */ = {
			isa = PBXVariantGroup;
			children = (
				3E45884720E6BB7C0040D22A /* Base */,
			);
			name = LaunchScreen.storyboard;
			sourceTree = "<group>";
		};
/* End PBXVariantGroup section */

/* Begin XCBuildConfiguration section */
		3E45884A20E6BB7C0040D22A /* Debug */ = {
			isa = XCBuildConfiguration;
			buildSettings = {
				ALWAYS_SEARCH_USER_PATHS = NO;
				CLANG_ANALYZER_NONNULL = YES;
				CLANG_ANALYZER_NUMBER_OBJECT_CONVERSION = YES_AGGRESSIVE;
				CLANG_CXX_LANGUAGE_STANDARD = "gnu++14";
				CLANG_CXX_LIBRARY = "libc++";
				CLANG_ENABLE_MODULES = YES;
				CLANG_ENABLE_OBJC_ARC = YES;
				CLANG_ENABLE_OBJC_WEAK = YES;
				CLANG_WARN_BLOCK_CAPTURE_AUTORELEASING = YES;
				CLANG_WARN_BOOL_CONVERSION = YES;
				CLANG_WARN_COMMA = YES;
				CLANG_WARN_CONSTANT_CONVERSION = YES;
				CLANG_WARN_DEPRECATED_OBJC_IMPLEMENTATIONS = YES;
				CLANG_WARN_DIRECT_OBJC_ISA_USAGE = YES_ERROR;
				CLANG_WARN_DOCUMENTATION_COMMENTS = YES;
				CLANG_WARN_EMPTY_BODY = YES;
				CLANG_WARN_ENUM_CONVERSION = YES;
				CLANG_WARN_INFINITE_RECURSION = YES;
				CLANG_WARN_INT_CONVERSION = YES;
				CLANG_WARN_NON_LITERAL_NULL_CONVERSION = YES;
				CLANG_WARN_OBJC_IMPLICIT_RETAIN_SELF = YES;
				CLANG_WARN_OBJC_LITERAL_CONVERSION = YES;
				CLANG_WARN_OBJC_ROOT_CLASS = YES_ERROR;
				CLANG_WARN_RANGE_LOOP_ANALYSIS = YES;
				CLANG_WARN_STRICT_PROTOTYPES = YES;
				CLANG_WARN_SUSPICIOUS_MOVE = YES;
				CLANG_WARN_UNGUARDED_AVAILABILITY = YES_AGGRESSIVE;
				CLANG_WARN_UNREACHABLE_CODE = YES;
				CLANG_WARN__DUPLICATE_METHOD_MATCH = YES;
				CODE_SIGN_IDENTITY = "iPhone Developer";
				COPY_PHASE_STRIP = NO;
				DEBUG_INFORMATION_FORMAT = dwarf;
				ENABLE_STRICT_OBJC_MSGSEND = YES;
				ENABLE_TESTABILITY = YES;
				GCC_C_LANGUAGE_STANDARD = gnu11;
				GCC_DYNAMIC_NO_PIC = NO;
				GCC_NO_COMMON_BLOCKS = YES;
				GCC_OPTIMIZATION_LEVEL = 0;
				GCC_PREPROCESSOR_DEFINITIONS = (
					"DEBUG=1",
					"$(inherited)",
				);
				GCC_WARN_64_TO_32_BIT_CONVERSION = YES;
				GCC_WARN_ABOUT_RETURN_TYPE = YES_ERROR;
				GCC_WARN_UNDECLARED_SELECTOR = YES;
				GCC_WARN_UNINITIALIZED_AUTOS = YES_AGGRESSIVE;
				GCC_WARN_UNUSED_FUNCTION = YES;
				GCC_WARN_UNUSED_VARIABLE = YES;
				IPHONEOS_DEPLOYMENT_TARGET = 11.3;
				MTL_ENABLE_DEBUG_INFO = YES;
				ONLY_ACTIVE_ARCH = YES;
				SDKROOT = iphoneos;
				SWIFT_ACTIVE_COMPILATION_CONDITIONS = DEBUG;
				SWIFT_OPTIMIZATION_LEVEL = "-Onone";
			};
			name = Debug;
		};
		3E45884B20E6BB7C0040D22A /* Release */ = {
			isa = XCBuildConfiguration;
			buildSettings = {
				ALWAYS_SEARCH_USER_PATHS = NO;
				CLANG_ANALYZER_NONNULL = YES;
				CLANG_ANALYZER_NUMBER_OBJECT_CONVERSION = YES_AGGRESSIVE;
				CLANG_CXX_LANGUAGE_STANDARD = "gnu++14";
				CLANG_CXX_LIBRARY = "libc++";
				CLANG_ENABLE_MODULES = YES;
				CLANG_ENABLE_OBJC_ARC = YES;
				CLANG_ENABLE_OBJC_WEAK = YES;
				CLANG_WARN_BLOCK_CAPTURE_AUTORELEASING = YES;
				CLANG_WARN_BOOL_CONVERSION = YES;
				CLANG_WARN_COMMA = YES;
				CLANG_WARN_CONSTANT_CONVERSION = YES;
				CLANG_WARN_DEPRECATED_OBJC_IMPLEMENTATIONS = YES;
				CLANG_WARN_DIRECT_OBJC_ISA_USAGE = YES_ERROR;
				CLANG_WARN_DOCUMENTATION_COMMENTS = YES;
				CLANG_WARN_EMPTY_BODY = YES;
				CLANG_WARN_ENUM_CONVERSION = YES;
				CLANG_WARN_INFINITE_RECURSION = YES;
				CLANG_WARN_INT_CONVERSION = YES;
				CLANG_WARN_NON_LITERAL_NULL_CONVERSION = YES;
				CLANG_WARN_OBJC_IMPLICIT_RETAIN_SELF = YES;
				CLANG_WARN_OBJC_LITERAL_CONVERSION = YES;
				CLANG_WARN_OBJC_ROOT_CLASS = YES_ERROR;
				CLANG_WARN_RANGE_LOOP_ANALYSIS = YES;
				CLANG_WARN_STRICT_PROTOTYPES = YES;
				CLANG_WARN_SUSPICIOUS_MOVE = YES;
				CLANG_WARN_UNGUARDED_AVAILABILITY = YES_AGGRESSIVE;
				CLANG_WARN_UNREACHABLE_CODE = YES;
				CLANG_WARN__DUPLICATE_METHOD_MATCH = YES;
				CODE_SIGN_IDENTITY = "iPhone Developer";
				COPY_PHASE_STRIP = NO;
				DEBUG_INFORMATION_FORMAT = "dwarf-with-dsym";
				ENABLE_NS_ASSERTIONS = NO;
				ENABLE_STRICT_OBJC_MSGSEND = YES;
				GCC_C_LANGUAGE_STANDARD = gnu11;
				GCC_NO_COMMON_BLOCKS = YES;
				GCC_WARN_64_TO_32_BIT_CONVERSION = YES;
				GCC_WARN_ABOUT_RETURN_TYPE = YES_ERROR;
				GCC_WARN_UNDECLARED_SELECTOR = YES;
				GCC_WARN_UNINITIALIZED_AUTOS = YES_AGGRESSIVE;
				GCC_WARN_UNUSED_FUNCTION = YES;
				GCC_WARN_UNUSED_VARIABLE = YES;
				IPHONEOS_DEPLOYMENT_TARGET = 11.3;
				MTL_ENABLE_DEBUG_INFO = NO;
				SDKROOT = iphoneos;
				SWIFT_COMPILATION_MODE = wholemodule;
				SWIFT_OPTIMIZATION_LEVEL = "-O";
				VALIDATE_PRODUCT = YES;
			};
			name = Release;
		};
		3E45884D20E6BB7C0040D22A /* Debug */ = {
			isa = XCBuildConfiguration;
			buildSettings = {
				ASSETCATALOG_COMPILER_APPICON_NAME = AppIcon;
				CODE_SIGN_STYLE = Automatic;
				DEVELOPMENT_TEAM = C7RGJ3LHJX;
				INFOPLIST_FILE = ImageDownloaderExperiment/Info.plist;
				LD_RUNPATH_SEARCH_PATHS = (
					"$(inherited)",
					"@executable_path/Frameworks",
				);
				PRODUCT_BUNDLE_IDENTIFIER = rishu.ImageDownloaderExperiment;
				PRODUCT_NAME = "$(TARGET_NAME)";
				SWIFT_VERSION = 4.0;
				TARGETED_DEVICE_FAMILY = "1,2";
			};
			name = Debug;
		};
		3E45884E20E6BB7C0040D22A /* Release */ = {
			isa = XCBuildConfiguration;
			buildSettings = {
				ASSETCATALOG_COMPILER_APPICON_NAME = AppIcon;
				CODE_SIGN_STYLE = Automatic;
				DEVELOPMENT_TEAM = C7RGJ3LHJX;
				INFOPLIST_FILE = ImageDownloaderExperiment/Info.plist;
				LD_RUNPATH_SEARCH_PATHS = (
					"$(inherited)",
					"@executable_path/Frameworks",
				);
				PRODUCT_BUNDLE_IDENTIFIER = rishu.ImageDownloaderExperiment;
				PRODUCT_NAME = "$(TARGET_NAME)";
				SWIFT_VERSION = 4.0;
				TARGETED_DEVICE_FAMILY = "1,2";
			};
			name = Release;
		};
/* End XCBuildConfiguration section */

/* Begin XCConfigurationList section */
		3E45883520E6BB7B0040D22A /* Build configuration list for PBXProject "ImageDownloaderExperiment" */ = {
			isa = XCConfigurationList;
			buildConfigurations = (
				3E45884A20E6BB7C0040D22A /* Debug */,
				3E45884B20E6BB7C0040D22A /* Release */,
			);
			defaultConfigurationIsVisible = 0;
			defaultConfigurationName = Release;
		};
		3E45884C20E6BB7C0040D22A /* Build configuration list for PBXNativeTarget "ImageDownloaderExperiment" */ = {
			isa = XCConfigurationList;
			buildConfigurations = (
				3E45884D20E6BB7C0040D22A /* Debug */,
				3E45884E20E6BB7C0040D22A /* Release */,
			);
			defaultConfigurationIsVisible = 0;
			defaultConfigurationName = Release;
		};
/* End XCConfigurationList section */
	};
	rootObject = 3E45883220E6BB7B0040D22A /* Project object */;
}
